github.com/KKKZOZ/hugo-admonitions v0.11.3 h1:Q780Pg/H/NWpV3MUVxsHFYSTf5x9Q6wNBcuaeaUSYPo=
github.com/KKKZOZ/hugo-admonitions v0.11.3/go.mod h1:4PsJAsqo3mS3VzAtDLa8k0ds+CJQUWZhAo9kLi1NRlM=
github.com/mrhelloboy/seven v1.7.6 h1:dedM963akoA2KZqkzM4QNYD8pJWjbQ3HGQPGs52qWjs=
github.com/mrhelloboy/seven v1.7.6/go.mod h1:3BrZvw02YVf/8XyJPRcaIJVZeFM+YyMQpymVYm29ZBY=
